{
  "nodes": {
    "flake-parts": {
      "inputs": {
        "nixpkgs-lib": [
          "neovim-nightly-overlay",
          "nixpkgs"
        ]
      },
      "locked": {
        "lastModified": 1769996383,
        "narHash": "sha256-AnYjnFWgS49RlqX7LrC4uA+sCCDBj0Ry/WOJ5XWAsa0=",
        "owner": "hercules-ci",
        "repo": "flake-parts",
        "rev": "57928607ea566b5db3ad13af0e57e921e6b12381",
        "type": "github"
      },
      "original": {
        "owner": "hercules-ci",
        "repo": "flake-parts",
        "type": "github"
      }
    },
    "flake-utils": {
      "inputs": {
        "systems": "systems"
      },
      "locked": {
        "lastModified": 1731533236,
        "narHash": "sha256-l0KFg5HjrsfsO/JpG+r7fRrqm12kzFHyUHqHCVpMMbI=",
        "owner": "numtide",
        "repo": "flake-utils",
        "rev": "11707dc2f618dd54ca8739b309ec4fc024de578b",
        "type": "github"
      },
      "original": {
        "owner": "numtide",
        "repo": "flake-utils",
        "type": "github"
      }
    },
    "json-fmt": {
      "inputs": {
        "flake-utils": "flake-utils",
        "nixpkgs": [
          "nixpkgs"
        ]
      },
      "locked": {
        "lastModified": 1748015413,
        "narHash": "sha256-rMntsh7TvtSqEJZ/1LnFI8HNbb51WBqfFVBPwqoV1bw=",
        "owner": "Futarimiti",
        "repo": "json-fmt",
        "rev": "6047ae52bc46d11094e83c5b487998be292a77ff",
        "type": "github"
      },
      "original": {
        "owner": "Futarimiti",
        "ref": "v3-nix",
        "repo": "json-fmt",
        "type": "github"
      }
    },
    "neovim-nightly-overlay": {
      "inputs": {
        "flake-parts": "flake-parts",
        "neovim-src": "neovim-src",
        "nixpkgs": [
          "nixpkgs"
        ]
      },
      "locked": {
        "lastModified": 1770336287,
        "narHash": "sha256-czvrg8uyf2VWRmbobsthTAIJCg1GH4mEekyW01AvHco=",
        "owner": "nix-community",
        "repo": "neovim-nightly-overlay",
        "rev": "1cd999cdf20536ac6a6d1aa17ba0242eefd2312b",
        "type": "github"
      },
      "original": {
        "owner": "nix-community",
        "repo": "neovim-nightly-overlay",
        "type": "github"
      }
    },
    "neovim-src": {
      "flake": false,
      "locked": {
        "lastModified": 1770334851,
        "narHash": "sha256-FvT3T0l8eNr1Hv+D1Sj1jM/2vLkonLxpadTk6gdYHAo=",
        "owner": "neovim",
        "repo": "neovim",
        "rev": "db133879b2a115cdf982b2899f154f1851d59a60",
        "type": "github"
      },
      "original": {
        "owner": "neovim",
        "repo": "neovim",
        "type": "github"
      }
    },
    "nixCats": {
      "locked": {
        "lastModified": 1769578476,
        "narHash": "sha256-4+KbiBcC6hQ3sh0UbPXjy6TOfLh9yhskRlfPzyZ2FH4=",
        "owner": "BirdeeHub",
        "repo": "nixCats-nvim",
        "rev": "48f8be4bdafccfa19ceaaf08071a15eca36fdb1d",
        "type": "github"
      },
      "original": {
        "owner": "BirdeeHub",
        "repo": "nixCats-nvim",
        "type": "github"
      }
    },
    "nixpkgs": {
      "locked": {
        "lastModified": 1767115913,
        "narHash": "sha256-Rqi+fPpma9prIXZAqpOgsAxS5qUV7yzc7P1TnpjgIiQ=",
        "owner": "NixOS",
        "repo": "nixpkgs",
        "rev": "4b0b3877942627e2b89d978bad184a8d3c7027d7",
        "type": "github"
      },
      "original": {
        "owner": "NixOS",
        "repo": "nixpkgs",
        "rev": "4b0b3877942627e2b89d978bad184a8d3c7027d7",
        "type": "github"
      }
    },
    "nvim-treesitter": {
      "flake": false,
      "locked": {
        "lastModified": 1769854724,
        "narHash": "sha256-pwI9KqCjymvqK6btX/+5ZiGP46JsQVYj7W+9YtlRXsc=",
        "owner": "nvim-treesitter",
        "repo": "nvim-treesitter",
        "rev": "4967fa48b0fe7a7f92cee546c76bb4bb61bb14d5",
        "type": "github"
      },
      "original": {
        "owner": "nvim-treesitter",
        "ref": "main",
        "repo": "nvim-treesitter",
        "type": "github"
      }
    },
    "root": {
      "inputs": {
        "json-fmt": "json-fmt",
        "neovim-nightly-overlay": "neovim-nightly-overlay",
        "nixCats": "nixCats",
        "nixpkgs": "nixpkgs",
        "nvim-treesitter": "nvim-treesitter",
        "tree-sitter-haskell": "tree-sitter-haskell"
      }
    },
    "systems": {
      "locked": {
        "lastModified": 1681028828,
        "narHash": "sha256-Vy1rq5AaRuLzOxct8nz4T6wlgyUR7zLU309k9mBC768=",
        "owner": "nix-systems",
        "repo": "default",
        "rev": "da67096a3b9bf56a91d16901293e51ba5b49a27e",
        "type": "github"
      },
      "original": {
        "owner": "nix-systems",
        "repo": "default",
        "type": "github"
      }
    },
    "tree-sitter-haskell": {
      "flake": false,
      "locked": {
        "lastModified": 1738310106,
        "narHash": "sha256-0wmdbXHZbHkv4pTrB1fCbExx9E83l+zaocGa+SvQsZQ=",
        "owner": "tree-sitter",
        "repo": "tree-sitter-haskell",
        "rev": "0975ef72fc3c47b530309ca93937d7d143523628",
        "type": "github"
      },
      "original": {
        "owner": "tree-sitter",
        "repo": "tree-sitter-haskell",
        "type": "github"
      }
    }
  },
  "root": "root",
  "version": 7
}
